
Microsoft Visual Studio Solution File, Format Version 12.00
# Visual Studio 2012
Project("{FAE04EC0-301F-11D3-BF4B-00C04F79EFBC}") = "02.TraverseDirectory", "TraverseDirectory\02.TraverseDirectory.csproj", "{D7002BE7-6D8F-4A48-B601-0FD4DA968D9F}"
EndProject
Project("{FAE04EC0-301F-11D3-BF4B-00C04F79EFBC}") = "03.FilesAndFoldersTree", "FilesAndFoldersTree\03.FilesAndFoldersTree.csproj", "{83189CFD-C36F-4A22-B730-E41CD73AA73A}"
EndProject
Project("{FAE04EC0-301F-11D3-BF4B-00C04F79EFBC}") = "01.TreeTraversal", "TreeTraversal\01.TreeTraversal.csproj", "{AA223052-C328-437C-BF12-2745D9311828}"
EndProject
Global
	GlobalSection(SolutionConfigurationPlatforms) = preSolution
		Debug|Any CPU = Debug|Any CPU
		Release|Any CPU = Release|Any CPU
	EndGlobalSection
	GlobalSection(ProjectConfigurationPlatforms) = postSolution
		{D7002BE7-6D8F-4A48-B601-0FD4DA968D9F}.Debug|Any CPU.ActiveCfg = Debug|Any CPU
		{D7002BE7-6D8F-4A48-B601-0FD4DA968D9F}.Debug|Any CPU.Build.0 = Debug|Any CPU
		{D7002BE7-6D8F-4A48-B601-0FD4DA968D9F}.Release|Any CPU.ActiveCfg = Release|Any CPU
		{D7002BE7-6D8F-4A48-B601-0FD4DA968D9F}.Release|Any CPU.Build.0 = Release|Any CPU
		{83189CFD-C36F-4A22-B730-E41CD73AA73A}.Debug|Any CPU.ActiveCfg = Debug|Any CPU
		{83189CFD-C36F-4A22-B730-E41CD73AA73A}.Debug|Any CPU.Build.0 = Debug|Any CPU
		{83189CFD-C36F-4A22-B730-E41CD73AA73A}.Release|Any CPU.ActiveCfg = Release|Any CPU
		{83189CFD-C36F-4A22-B730-E41CD73AA73A}.Release|Any CPU.Build.0 = Release|Any CPU
		{AA223052-C328-437C-BF12-2745D9311828}.Debug|Any CPU.ActiveCfg = Debug|Any CPU
		{AA223052-C328-437C-BF12-2745D9311828}.Debug|Any CPU.Build.0 = Debug|Any CPU
		{AA223052-C328-437C-BF12-2745D9311828}.Release|Any CPU.ActiveCfg = Release|Any CPU
		{AA223052-C328-437C-BF12-2745D9311828}.Release|Any CPU.Build.0 = Release|Any CPU
	EndGlobalSection
	GlobalSection(SolutionProperties) = preSolution
		HideSolutionNode = FALSE
	EndGlobalSection
EndGlobal
