
Microsoft Visual Studio Solution File, Format Version 12.00
# Visual Studio 2012
Project("{FAE04EC0-301F-11D3-BF4B-00C04F79EFBC}") = "Ex1.FigureRotation", "Ex1.FigureRotation\Ex1.FigureRotation.csproj", "{A411E87A-222B-4195-96BF-44CB95BEA543}"
EndProject
Project("{FAE04EC0-301F-11D3-BF4B-00C04F79EFBC}") = "Ex2.PrintStatistics", "Ex2.PrintStatistics\Ex2.PrintStatistics.csproj", "{001F9FF1-2F05-48D6-AD11-CDBD01BFC570}"
EndProject
Global
	GlobalSection(SolutionConfigurationPlatforms) = preSolution
		Debug|Any CPU = Debug|Any CPU
		Release|Any CPU = Release|Any CPU
	EndGlobalSection
	GlobalSection(ProjectConfigurationPlatforms) = postSolution
		{A411E87A-222B-4195-96BF-44CB95BEA543}.Debug|Any CPU.ActiveCfg = Debug|Any CPU
		{A411E87A-222B-4195-96BF-44CB95BEA543}.Debug|Any CPU.Build.0 = Debug|Any CPU
		{A411E87A-222B-4195-96BF-44CB95BEA543}.Release|Any CPU.ActiveCfg = Release|Any CPU
		{A411E87A-222B-4195-96BF-44CB95BEA543}.Release|Any CPU.Build.0 = Release|Any CPU
		{001F9FF1-2F05-48D6-AD11-CDBD01BFC570}.Debug|Any CPU.ActiveCfg = Debug|Any CPU
		{001F9FF1-2F05-48D6-AD11-CDBD01BFC570}.Debug|Any CPU.Build.0 = Debug|Any CPU
		{001F9FF1-2F05-48D6-AD11-CDBD01BFC570}.Release|Any CPU.ActiveCfg = Release|Any CPU
		{001F9FF1-2F05-48D6-AD11-CDBD01BFC570}.Release|Any CPU.Build.0 = Release|Any CPU
	EndGlobalSection
	GlobalSection(SolutionProperties) = preSolution
		HideSolutionNode = FALSE
	EndGlobalSection
EndGlobal
