
Microsoft Visual Studio Solution File, Format Version 12.00
# Visual Studio 2012
Project("{FAE04EC0-301F-11D3-BF4B-00C04F79EFBC}") = "RotatingWalkInMatrix", "RotatingWalkInMatrix\RotatingWalkInMatrix.csproj", "{79532296-944F-4991-878D-CFEFE04DC4EF}"
EndProject
Project("{FAE04EC0-301F-11D3-BF4B-00C04F79EFBC}") = "WalkInMatrixUnitTest", "WalkInMatrixUnitTest\WalkInMatrixUnitTest.csproj", "{230009D7-CF42-4731-9AAE-6A4A124AB30F}"
EndProject
Global
	GlobalSection(SolutionConfigurationPlatforms) = preSolution
		Debug|Any CPU = Debug|Any CPU
		Release|Any CPU = Release|Any CPU
	EndGlobalSection
	GlobalSection(ProjectConfigurationPlatforms) = postSolution
		{79532296-944F-4991-878D-CFEFE04DC4EF}.Debug|Any CPU.ActiveCfg = Debug|Any CPU
		{79532296-944F-4991-878D-CFEFE04DC4EF}.Debug|Any CPU.Build.0 = Debug|Any CPU
		{79532296-944F-4991-878D-CFEFE04DC4EF}.Release|Any CPU.ActiveCfg = Release|Any CPU
		{79532296-944F-4991-878D-CFEFE04DC4EF}.Release|Any CPU.Build.0 = Release|Any CPU
		{230009D7-CF42-4731-9AAE-6A4A124AB30F}.Debug|Any CPU.ActiveCfg = Debug|Any CPU
		{230009D7-CF42-4731-9AAE-6A4A124AB30F}.Debug|Any CPU.Build.0 = Debug|Any CPU
		{230009D7-CF42-4731-9AAE-6A4A124AB30F}.Release|Any CPU.ActiveCfg = Release|Any CPU
		{230009D7-CF42-4731-9AAE-6A4A124AB30F}.Release|Any CPU.Build.0 = Release|Any CPU
	EndGlobalSection
	GlobalSection(SolutionProperties) = preSolution
		HideSolutionNode = FALSE
	EndGlobalSection
EndGlobal
