
Microsoft Visual Studio Solution File, Format Version 12.00
# Visual Studio 2012
Project("{FAE04EC0-301F-11D3-BF4B-00C04F79EFBC}") = "01.PriorityQueue", "PriorityQueue\01.PriorityQueue.csproj", "{A356B2B3-92F1-464D-8514-010C69476423}"
EndProject
Project("{FAE04EC0-301F-11D3-BF4B-00C04F79EFBC}") = "02.LargeCollectionOfProducts", "LargeCollectionOfProducts\02.LargeCollectionOfProducts.csproj", "{9BDA3246-7E54-417F-9AD0-C0D0F71A0852}"
EndProject
Project("{FAE04EC0-301F-11D3-BF4B-00C04F79EFBC}") = "03.WordsOccurrence", "WordsOccurrence\03.WordsOccurrence.csproj", "{B293C7F6-D782-4F43-B12D-0F690934118E}"
EndProject
Global
	GlobalSection(SolutionConfigurationPlatforms) = preSolution
		Debug|Any CPU = Debug|Any CPU
		Release|Any CPU = Release|Any CPU
	EndGlobalSection
	GlobalSection(ProjectConfigurationPlatforms) = postSolution
		{A356B2B3-92F1-464D-8514-010C69476423}.Debug|Any CPU.ActiveCfg = Debug|Any CPU
		{A356B2B3-92F1-464D-8514-010C69476423}.Debug|Any CPU.Build.0 = Debug|Any CPU
		{A356B2B3-92F1-464D-8514-010C69476423}.Release|Any CPU.ActiveCfg = Release|Any CPU
		{A356B2B3-92F1-464D-8514-010C69476423}.Release|Any CPU.Build.0 = Release|Any CPU
		{9BDA3246-7E54-417F-9AD0-C0D0F71A0852}.Debug|Any CPU.ActiveCfg = Debug|Any CPU
		{9BDA3246-7E54-417F-9AD0-C0D0F71A0852}.Debug|Any CPU.Build.0 = Debug|Any CPU
		{9BDA3246-7E54-417F-9AD0-C0D0F71A0852}.Release|Any CPU.ActiveCfg = Release|Any CPU
		{9BDA3246-7E54-417F-9AD0-C0D0F71A0852}.Release|Any CPU.Build.0 = Release|Any CPU
		{B293C7F6-D782-4F43-B12D-0F690934118E}.Debug|Any CPU.ActiveCfg = Debug|Any CPU
		{B293C7F6-D782-4F43-B12D-0F690934118E}.Debug|Any CPU.Build.0 = Debug|Any CPU
		{B293C7F6-D782-4F43-B12D-0F690934118E}.Release|Any CPU.ActiveCfg = Release|Any CPU
		{B293C7F6-D782-4F43-B12D-0F690934118E}.Release|Any CPU.Build.0 = Release|Any CPU
	EndGlobalSection
	GlobalSection(SolutionProperties) = preSolution
		HideSolutionNode = FALSE
	EndGlobalSection
EndGlobal
